// !$*UTF8*$!
{
	archiveVersion = 1;
	classes = {
	};
	objectVersion = 46;
	objects = {

/* Begin PBXBuildFile section */
		A9C017F21A96BC4600BE0932 /* AppDelegate.swift in Sources */ = {isa = PBXBuildFile; fileRef = A9C017F11A96BC4600BE0932 /* AppDelegate.swift */; };
		A9C017F41A96BC4600BE0932 /* ViewController.swift in Sources */ = {isa = PBXBuildFile; fileRef = A9C017F31A96BC4600BE0932 /* ViewController.swift */; };
		A9C017F71A96BC4600BE0932 /* Main.storyboard in Resources */ = {isa = PBXBuildFile; fileRef = A9C017F51A96BC4600BE0932 /* Main.storyboard */; };
		A9C017F91A96BC4600BE0932 /* Images.xcassets in Resources */ = {isa = PBXBuildFile; fileRef = A9C017F81A96BC4600BE0932 /* Images.xcassets */; };
		A9C017FC1A96BC4600BE0932 /* LaunchScreen.xib in Resources */ = {isa = PBXBuildFile; fileRef = A9C017FA1A96BC4600BE0932 /* LaunchScreen.xib */; };
		A9C018081A96BC4600BE0932 /* SimpleExampleTests.swift in Sources */ = {isa = PBXBuildFile; fileRef = A9C018071A96BC4600BE0932 /* SimpleExampleTests.swift */; };
		A9C018121A96C36B00BE0932 /* Social.framework in Frameworks */ = {isa = PBXBuildFile; fileRef = A9C018111A96C36B00BE0932 /* Social.framework */; };
/* End PBXBuildFile section */

/* Begin PBXContainerItemProxy section */
		A9C018021A96BC4600BE0932 /* PBXContainerItemProxy */ = {
			isa = PBXContainerItemProxy;
			containerPortal = A9C017E41A96BC4600BE0932 /* Project object */;
			proxyType = 1;
			remoteGlobalIDString = A9C017EB1A96BC4600BE0932;
			remoteInfo = SimpleExample;
		};
/* End PBXContainerItemProxy section */

/* Begin PBXFileReference section */
		A9C017EC1A96BC4600BE0932 /* SimpleExample.app */ = {isa = PBXFileReference; explicitFileType = wrapper.application; includeInIndex = 0; path = SimpleExample.app; sourceTree = BUILT_PRODUCTS_DIR; };
		A9C017F01A96BC4600BE0932 /* Info.plist */ = {isa = PBXFileReference; lastKnownFileType = text.plist.xml; path = Info.plist; sourceTree = "<group>"; };
		A9C017F11A96BC4600BE0932 /* AppDelegate.swift */ = {isa = PBXFileReference; lastKnownFileType = sourcecode.swift; path = AppDelegate.swift; sourceTree = "<group>"; };
		A9C017F31A96BC4600BE0932 /* ViewController.swift */ = {isa = PBXFileReference; lastKnownFileType = sourcecode.swift; path = ViewController.swift; sourceTree = "<group>"; };
		A9C017F61A96BC4600BE0932 /* Base */ = {isa = PBXFileReference; lastKnownFileType = file.storyboard; name = Base; path = Base.lproj/Main.storyboard; sourceTree = "<group>"; };
		A9C017F81A96BC4600BE0932 /* Images.xcassets */ = {isa = PBXFileReference; lastKnownFileType = folder.assetcatalog; path = Images.xcassets; sourceTree = "<group>"; };
		A9C017FB1A96BC4600BE0932 /* Base */ = {isa = PBXFileReference; lastKnownFileType = file.xib; name = Base; path = Base.lproj/LaunchScreen.xib; sourceTree = "<group>"; };
		A9C018011A96BC4600BE0932 /* SimpleExampleTests.xctest */ = {isa = PBXFileReference; explicitFileType = wrapper.cfbundle; includeInIndex = 0; path = SimpleExampleTests.xctest; sourceTree = BUILT_PRODUCTS_DIR; };
		A9C018061A96BC4600BE0932 /* Info.plist */ = {isa = PBXFileReference; lastKnownFileType = text.plist.xml; path = Info.plist; sourceTree = "<group>"; };
		A9C018071A96BC4600BE0932 /* SimpleExampleTests.swift */ = {isa = PBXFileReference; lastKnownFileType = sourcecode.swift; path = SimpleExampleTests.swift; sourceTree = "<group>"; };
		A9C018111A96C36B00BE0932 /* Social.framework */ = {isa = PBXFileReference; lastKnownFileType = wrapper.framework; name = Social.framework; path = System/Library/Frameworks/Social.framework; sourceTree = SDKROOT; };
/* End PBXFileReference section */

/* Begin PBXFrameworksBuildPhase section */
		A9C017E91A96BC4600BE0932 /* Frameworks */ = {
			isa = PBXFrameworksBuildPhase;
			buildActionMask = 2147483647;
			files = (
				A9C018121A96C36B00BE0932 /* Social.framework in Frameworks */,
			);
			runOnlyForDeploymentPostprocessing = 0;
		};
		A9C017FE1A96BC4600BE0932 /* Frameworks */ = {
			isa = PBXFrameworksBuildPhase;
			buildActionMask = 2147483647;
			files = (
			);
			runOnlyForDeploymentPostprocessing = 0;
		};
/* End PBXFrameworksBuildPhase section */

/* Begin PBXGroup section */
		A9C017E31A96BC4600BE0932 = {
			isa = PBXGroup;
			children = (
				A9C018111A96C36B00BE0932 /* Social.framework */,
				A9C017EE1A96BC4600BE0932 /* SimpleExample */,
				A9C018041A96BC4600BE0932 /* SimpleExampleTests */,
				A9C017ED1A96BC4600BE0932 /* Products */,
			);
			sourceTree = "<group>";
		};
		A9C017ED1A96BC4600BE0932 /* Products */ = {
			isa = PBXGroup;
			children = (
				A9C017EC1A96BC4600BE0932 /* SimpleExample.app */,
				A9C018011A96BC4600BE0932 /* SimpleExampleTests.xctest */,
			);
			name = Products;
			sourceTree = "<group>";
		};
		A9C017EE1A96BC4600BE0932 /* SimpleExample */ = {
			isa = PBXGroup;
			children = (
				A9C017F11A96BC4600BE0932 /* AppDelegate.swift */,
				A9C017F31A96BC4600BE0932 /* ViewController.swift */,
				A9C017F51A96BC4600BE0932 /* Main.storyboard */,
				A9C017F81A96BC4600BE0932 /* Images.xcassets */,
				A9C017FA1A96BC4600BE0932 /* LaunchScreen.xib */,
				A9C017EF1A96BC4600BE0932 /* Supporting Files */,
			);
			path = SimpleExample;
			sourceTree = "<group>";
		};
		A9C017EF1A96BC4600BE0932 /* Supporting Files */ = {
			isa = PBXGroup;
			children = (
				A9C017F01A96BC4600BE0932 /* Info.plist */,
			);
			name = "Supporting Files";
			sourceTree = "<group>";
		};
		A9C018041A96BC4600BE0932 /* SimpleExampleTests */ = {
			isa = PBXGroup;
			children = (
				A9C018071A96BC4600BE0932 /* SimpleExampleTests.swift */,
				A9C018051A96BC4600BE0932 /* Supporting Files */,
			);
			path = SimpleExampleTests;
			sourceTree = "<group>";
		};
		A9C018051A96BC4600BE0932 /* Supporting Files */ = {
			isa = PBXGroup;
			children = (
				A9C018061A96BC4600BE0932 /* Info.plist */,
			);
			name = "Supporting Files";
			sourceTree = "<group>";
		};
/* End PBXGroup section */

/* Begin PBXNativeTarget section */
		A9C017EB1A96BC4600BE0932 /* SimpleExample */ = {
			isa = PBXNativeTarget;
			buildConfigurationList = A9C0180B1A96BC4600BE0932 /* Build configuration list for PBXNativeTarget "SimpleExample" */;
			buildPhases = (
				A9C017E81A96BC4600BE0932 /* Sources */,
				A9C017E91A96BC4600BE0932 /* Frameworks */,
				A9C017EA1A96BC4600BE0932 /* Resources */,
			);
			buildRules = (
			);
			dependencies = (
			);
			name = SimpleExample;
			productName = SimpleExample;
			productReference = A9C017EC1A96BC4600BE0932 /* SimpleExample.app */;
			productType = "com.apple.product-type.application";
		};
		A9C018001A96BC4600BE0932 /* SimpleExampleTests */ = {
			isa = PBXNativeTarget;
			buildConfigurationList = A9C0180E1A96BC4600BE0932 /* Build configuration list for PBXNativeTarget "SimpleExampleTests" */;
			buildPhases = (
				A9C017FD1A96BC4600BE0932 /* Sources */,
				A9C017FE1A96BC4600BE0932 /* Frameworks */,
				A9C017FF1A96BC4600BE0932 /* Resources */,
			);
			buildRules = (
			);
			dependencies = (
				A9C018031A96BC4600BE0932 /* PBXTargetDependency */,
			);
			name = SimpleExampleTests;
			productName = SimpleExampleTests;
			productReference = A9C018011A96BC4600BE0932 /* SimpleExampleTests.xctest */;
			productType = "com.apple.product-type.bundle.unit-test";
		};
/* End PBXNativeTarget section */

/* Begin PBXProject section */
		A9C017E41A96BC4600BE0932 /* Project object */ = {
			isa = PBXProject;
			attributes = {
				LastUpgradeCheck = 0610;
				ORGANIZATIONNAME = "3e Interactive";
				TargetAttributes = {
					A9C017EB1A96BC4600BE0932 = {
						CreatedOnToolsVersion = 6.1.1;
					};
					A9C018001A96BC4600BE0932 = {
						CreatedOnToolsVersion = 6.1.1;
						TestTargetID = A9C017EB1A96BC4600BE0932;
					};
				};
			};
			buildConfigurationList = A9C017E71A96BC4600BE0932 /* Build configuration list for PBXProject "SimpleExample" */;
			compatibilityVersion = "Xcode 3.2";
			developmentRegion = English;
			hasScannedForEncodings = 0;
			knownRegions = (
				en,
				Base,
			);
			mainGroup = A9C017E31A96BC4600BE0932;
			productRefGroup = A9C017ED1A96BC4600BE0932 /* Products */;
			projectDirPath = "";
			projectRoot = "";
			targets = (
				A9C017EB1A96BC4600BE0932 /* SimpleExample */,
				A9C018001A96BC4600BE0932 /* SimpleExampleTests */,
			);
		};
/* End PBXProject section */

/* Begin PBXResourcesBuildPhase section */
		A9C017EA1A96BC4600BE0932 /* Resources */ = {
			isa = PBXResourcesBuildPhase;
			buildActionMask = 2147483647;
			files = (
				A9C017F71A96BC4600BE0932 /* Main.storyboard in Resources */,
				A9C017FC1A96BC4600BE0932 /* LaunchScreen.xib in Resources */,
				A9C017F91A96BC4600BE0932 /* Images.xcassets in Resources */,
			);
			runOnlyForDeploymentPostprocessing = 0;
		};
		A9C017FF1A96BC4600BE0932 /* Resources */ = {
			isa = PBXResourcesBuildPhase;
			buildActionMask = 2147483647;
			files = (
			);
			runOnlyForDeploymentPostprocessing = 0;
		};
/* End PBXResourcesBuildPhase section */

/* Begin PBXSourcesBuildPhase section */
		A9C017E81A96BC4600BE0932 /* Sources */ = {
			isa = PBXSourcesBuildPhase;
			buildActionMask = 2147483647;
			files = (
				A9C017F41A96BC4600BE0932 /* ViewController.swift in Sources */,
				A9C017F21A96BC4600BE0932 /* AppDelegate.swift in Sources */,
			);
			runOnlyForDeploymentPostprocessing = 0;
		};
		A9C017FD1A96BC4600BE0932 /* Sources */ = {
			isa = PBXSourcesBuildPhase;
			buildActionMask = 2147483647;
			files = (
				A9C018081A96BC4600BE0932 /* SimpleExampleTests.swift in Sources */,
			);
			runOnlyForDeploymentPostprocessing = 0;
		};
/* End PBXSourcesBuildPhase section */

/* Begin PBXTargetDependency section */
		A9C018031A96BC4600BE0932 /* PBXTargetDependency */ = {
			isa = PBXTargetDependency;
			target = A9C017EB1A96BC4600BE0932 /* SimpleExample */;
			targetProxy = A9C018021A96BC4600BE0932 /* PBXContainerItemProxy */;
		};
/* End PBXTargetDependency section */

/* Begin PBXVariantGroup section */
		A9C017F51A96BC4600BE0932 /* Main.storyboard */ = {
			isa = PBXVariantGroup;
			children = (
				A9C017F61A96BC4600BE0932 /* Base */,
			);
			name = Main.storyboard;
			sourceTree = "<group>";
		};
		A9C017FA1A96BC4600BE0932 /* LaunchScreen.xib */ = {
			isa = PBXVariantGroup;
			children = (
				A9C017FB1A96BC4600BE0932 /* Base */,
			);
			name = LaunchScreen.xib;
			sourceTree = "<group>";
		};
/* End PBXVariantGroup section */

/* Begin XCBuildConfiguration section */
		A9C018091A96BC4600BE0932 /* Debug */ = {
			isa = XCBuildConfiguration;
			buildSettings = {
				ALWAYS_SEARCH_USER_PATHS = NO;
				CLANG_CXX_LANGUAGE_STANDARD = "gnu++0x";
				CLANG_CXX_LIBRARY = "libc++";
				CLANG_ENABLE_MODULES = YES;
				CLANG_ENABLE_OBJC_ARC = YES;
				CLANG_WARN_BOOL_CONVERSION = YES;
				CLANG_WARN_CONSTANT_CONVERSION = YES;
				CLANG_WARN_DIRECT_OBJC_ISA_USAGE = YES_ERROR;
				CLANG_WARN_EMPTY_BODY = YES;
				CLANG_WARN_ENUM_CONVERSION = YES;
				CLANG_WARN_INT_CONVERSION = YES;
				CLANG_WARN_OBJC_ROOT_CLASS = YES_ERROR;
				CLANG_WARN_UNREACHABLE_CODE = YES;
				CLANG_WARN__DUPLICATE_METHOD_MATCH = YES;
				"CODE_SIGN_IDENTITY[sdk=iphoneos*]" = "iPhone Developer";
				COPY_PHASE_STRIP = NO;
				ENABLE_STRICT_OBJC_MSGSEND = YES;
				GCC_C_LANGUAGE_STANDARD = gnu99;
				GCC_DYNAMIC_NO_PIC = NO;
				GCC_OPTIMIZATION_LEVEL = 0;
				GCC_PREPROCESSOR_DEFINITIONS = (
					"DEBUG=1",
					"$(inherited)",
				);
				GCC_SYMBOLS_PRIVATE_EXTERN = NO;
				GCC_WARN_64_TO_32_BIT_CONVERSION = YES;
				GCC_WARN_ABOUT_RETURN_TYPE = YES_ERROR;
				GCC_WARN_UNDECLARED_SELECTOR = YES;
				GCC_WARN_UNINITIALIZED_AUTOS = YES_AGGRESSIVE;
				GCC_WARN_UNUSED_FUNCTION = YES;
				GCC_WARN_UNUSED_VARIABLE = YES;
				IPHONEOS_DEPLOYMENT_TARGET = 8.1;
				MTL_ENABLE_DEBUG_INFO = YES;
				ONLY_ACTIVE_ARCH = YES;
				SDKROOT = iphoneos;
				SWIFT_OPTIMIZATION_LEVEL = "-Onone";
			};
			name = Debug;
		};
		A9C0180A1A96BC4600BE0932 /* Release */ = {
			isa = XCBuildConfiguration;
			buildSettings = {
				ALWAYS_SEARCH_USER_PATHS = NO;
				CLANG_CXX_LANGUAGE_STANDARD = "gnu++0x";
				CLANG_CXX_LIBRARY = "libc++";
				CLANG_ENABLE_MODULES = YES;
				CLANG_ENABLE_OBJC_ARC = YES;
				CLANG_WARN_BOOL_CONVERSION = YES;
				CLANG_WARN_CONSTANT_CONVERSION = YES;
				CLANG_WARN_DIRECT_OBJC_ISA_USAGE = YES_ERROR;
				CLANG_WARN_EMPTY_BODY = YES;
				CLANG_WARN_ENUM_CONVERSION = YES;
				CLANG_WARN_INT_CONVERSION = YES;
				CLANG_WARN_OBJC_ROOT_CLASS = YES_ERROR;
				CLANG_WARN_UNREACHABLE_CODE = YES;
				CLANG_WARN__DUPLICATE_METHOD_MATCH = YES;
				"CODE_SIGN_IDENTITY[sdk=iphoneos*]" = "iPhone Developer";
				COPY_PHASE_STRIP = YES;
				ENABLE_NS_ASSERTIONS = NO;
				ENABLE_STRICT_OBJC_MSGSEND = YES;
				GCC_C_LANGUAGE_STANDARD = gnu99;
				GCC_WARN_64_TO_32_BIT_CONVERSION = YES;
				GCC_WARN_ABOUT_RETURN_TYPE = YES_ERROR;
				GCC_WARN_UNDECLARED_SELECTOR = YES;
				GCC_WARN_UNINITIALIZED_AUTOS = YES_AGGRESSIVE;
				GCC_WARN_UNUSED_FUNCTION = YES;
				GCC_WARN_UNUSED_VARIABLE = YES;
				IPHONEOS_DEPLOYMENT_TARGET = 8.1;
				MTL_ENABLE_DEBUG_INFO = NO;
				SDKROOT = iphoneos;
				VALIDATE_PRODUCT = YES;
			};
			name = Release;
		};
		A9C0180C1A96BC4600BE0932 /* Debug */ = {
			isa = XCBuildConfiguration;
			buildSettings = {
				ASSETCATALOG_COMPILER_APPICON_NAME = AppIcon;
				INFOPLIST_FILE = SimpleExample/Info.plist;
				LD_RUNPATH_SEARCH_PATHS = "$(inherited) @executable_path/Frameworks";
				PRODUCT_NAME = "$(TARGET_NAME)";
			};
			name = Debug;
		};
		A9C0180D1A96BC4600BE0932 /* Release */ = {
			isa = XCBuildConfiguration;
			buildSettings = {
				ASSETCATALOG_COMPILER_APPICON_NAME = AppIcon;
				INFOPLIST_FILE = SimpleExample/Info.plist;
				LD_RUNPATH_SEARCH_PATHS = "$(inherited) @executable_path/Frameworks";
				PRODUCT_NAME = "$(TARGET_NAME)";
			};
			name = Release;
		};
		A9C0180F1A96BC4600BE0932 /* Debug */ = {
			isa = XCBuildConfiguration;
			buildSettings = {
				BUNDLE_LOADER = "$(TEST_HOST)";
				FRAMEWORK_SEARCH_PATHS = (
					"$(SDKROOT)/Developer/Library/Frameworks",
					"$(inherited)",
				);
				GCC_PREPROCESSOR_DEFINITIONS = (
					"DEBUG=1",
					"$(inherited)",
				);
				INFOPLIST_FILE = SimpleExampleTests/Info.plist;
				LD_RUNPATH_SEARCH_PATHS = "$(inherited) @executable_path/Frameworks @loader_path/Frameworks";
				PRODUCT_NAME = "$(TARGET_NAME)";
				TEST_HOST = "$(BUILT_PRODUCTS_DIR)/SimpleExample.app/SimpleExample";
			};
			name = Debug;
		};
		A9C018101A96BC4600BE0932 /* Release */ = {
			isa = XCBuildConfiguration;
			buildSettings = {
				BUNDLE_LOADER = "$(TEST_HOST)";
				FRAMEWORK_SEARCH_PATHS = (
					"$(SDKROOT)/Developer/Library/Frameworks",
					"$(inherited)",
				);
				INFOPLIST_FILE = SimpleExampleTests/Info.plist;
				LD_RUNPATH_SEARCH_PATHS = "$(inherited) @executable_path/Frameworks @loader_path/Frameworks";
				PRODUCT_NAME = "$(TARGET_NAME)";
				TEST_HOST = "$(BUILT_PRODUCTS_DIR)/SimpleExample.app/SimpleExample";
			};
			name = Release;
		};
/* End XCBuildConfiguration section */

/* Begin XCConfigurationList section */
		A9C017E71A96BC4600BE0932 /* Build configuration list for PBXProject "SimpleExample" */ = {
			isa = XCConfigurationList;
			buildConfigurations = (
				A9C018091A96BC4600BE0932 /* Debug */,
				A9C0180A1A96BC4600BE0932 /* Release */,
			);
			defaultConfigurationIsVisible = 0;
			defaultConfigurationName = Release;
		};
		A9C0180B1A96BC4600BE0932 /* Build configuration list for PBXNativeTarget "SimpleExample" */ = {
			isa = XCConfigurationList;
			buildConfigurations = (
				A9C0180C1A96BC4600BE0932 /* Debug */,
				A9C0180D1A96BC4600BE0932 /* Release */,
			);
			defaultConfigurationIsVisible = 0;
		};
		A9C0180E1A96BC4600BE0932 /* Build configuration list for PBXNativeTarget "SimpleExampleTests" */ = {
			isa = XCConfigurationList;
			buildConfigurations = (
				A9C0180F1A96BC4600BE0932 /* Debug */,
				A9C018101A96BC4600BE0932 /* Release */,
			);
			defaultConfigurationIsVisible = 0;
		};
/* End XCConfigurationList section */
	};
	rootObject = A9C017E41A96BC4600BE0932 /* Project object */;
}
